annotated-doc==0.0.5
annotated-types==0.8.0
anyio==4.15.1
click==8.5.0
et-xmlfile==2.0.0
fastapi==0.141.1
h11==0.16.0
httpcore2==2.13.1
httpx2==2.13.1
idna==3.20
numpy==2.4.6
openpyxl==3.1.5
pandas==3.0.6
psycopg==3.3.6
psycopg-binary==3.3.6
pydantic==2.13.5
pydantic-core==2.46.5
pypinyin==0.55.0
python-dateutil==2.9.0.post0
python-multipart==0.0.32
six==1.17.0
sqlalchemy==2.1.1
starlette==1.7.0
truststore==0.10.4
typing-extensions==4.16.0
typing-inspection==0.4.4
uvicorn==0.54.0
xlrd==2.0.2
